Microsoft Visual Studio Solution File, Format Version 12.00
# Visual Studio Version 17
VisualStudioVersion = 17.5.2.0
MinimumVisualStudioVersion = 10.0.40219.1
Project("{FAE04EC0-301F-11D3-BF4B-00C04F79EFBC}") = "Waifu-Simulator", "Waifu-Simulator.csproj", "{53A738FF-23EF-81F3-E508-96358DF544EC}"
EndProject
Global
	GlobalSection(SolutionConfigurationPlatforms) = preSolution
		Debug|Any CPU = Debug|Any CPU
		Release|Any CPU = Release|Any CPU
	EndGlobalSection
	GlobalSection(ProjectConfigurationPlatforms) = postSolution
		{53A738FF-23EF-81F3-E508-96358DF544EC}.Debug|Any CPU.ActiveCfg = Debug|Any CPU
		{53A738FF-23EF-81F3-E508-96358DF544EC}.Debug|Any CPU.Build.0 = Debug|Any CPU
		{53A738FF-23EF-81F3-E508-96358DF544EC}.Release|Any CPU.ActiveCfg = Release|Any CPU
		{53A738FF-23EF-81F3-E508-96358DF544EC}.Release|Any CPU.Build.0 = Release|Any CPU
	EndGlobalSection
	GlobalSection(SolutionProperties) = preSolution
		HideSolutionNode = FALSE
	EndGlobalSection
	GlobalSection(ExtensibilityGlobals) = postSolution
		SolutionGuid = {3BF44CC5-5062-4B31-A469-46FB2DCB94DA}
	EndGlobalSection
EndGlobal
